{
  "name": "upvest_wallets",
  "version": "1.0.0",
  "lockfileVersion": 1,
  "requires": true,
  "dependencies": {
    "@upvest/api-library": {
      "version": "0.0.25",
      "resolved": "https://registry.npmjs.org/@upvest/api-library/-/api-library-0.0.25.tgz",
      "integrity": "sha512-Rnk96t9f9DbvRSzIhmWjeagsa8CLLYky3PekcYl3DefxzUFyjrCoHxuqW+apN/D/0a0QTUyaCShIHBfNXQ/60w==",
      "requires": {
        "axios": "^0.21.4"
      }
    },
    "@upvest/clientele-api": {
      "version": "0.0.29",
      "resolved": "https://registry.npmjs.org/@upvest/clientele-api/-/clientele-api-0.0.29.tgz",
      "integrity": "sha512-ambAae0IU+lstLkBx4cHmgSb6/OKsDBElixxfh70l9xQd9zIaVJvm5XKPYC5J2A/kfEI0+3XB4QI3GMCfc2qiw==",
      "requires": {
        "@upvest/api-library": "^0.0.25",
        "axios": "^0.21.4",
        "axios-oauth-client": "^1.4.3",
        "axios-token-interceptor": "^0.2.0"
      }
    },
    "@upvest/tenancy-api": {
      "version": "0.0.27",
      "resolved": "https://registry.npmjs.org/@upvest/tenancy-api/-/tenancy-api-0.0.27.tgz",
      "integrity": "sha512-Fcv0YdBDQqsgtldlyEW8LJcNWnW/LVvteoJNAJR+ThTIGPcY5PQ+Tfhk7+dyIngfXdxhUVbSbxdrgUlGy2cz/g==",
      "requires": {
        "@upvest/api-library": "^0.0.25",
        "axios": "^0.21.4"
      }
    },
    "axios": {
      "version": "0.21.4",
      "resolved": "https://registry.npmjs.org/axios/-/axios-0.21.4.tgz",
      "integrity": "sha512-ut5vewkiu8jjGBdqpM44XxjuCjq9LAKeHVmoVfHVzy8eHgxxq8SbAVQNovDA8mVi05kP0Ea/n/UzcSHcTJQfNg==",
      "requires": {
        "follow-redirects": "^1.14.0"
      }
    },
    "axios-oauth-client": {
      "version": "1.5.0",
      "resolved": "https://registry.npmjs.org/axios-oauth-client/-/axios-oauth-client-1.5.0.tgz",
      "integrity": "sha512-CFuTfK9KdRnDDR6LQlUJ0GNKUZ3tHRSFdKPM9WqeCtUdcuKDgWt9aDFH7Xl87VpUcfNt5qRVl4iHdayqtXVv7g==",
      "requires": {
        "qs": "^6.10.1"
      }
    },
    "axios-token-interceptor": {
      "version": "0.2.0",
      "resolved": "https://registry.npmjs.org/axios-token-interceptor/-/axios-token-interceptor-0.2.0.tgz",
      "integrity": "sha512-la74OEsXBH1IS9yI6p2oTIynPtBzs0PVUSOwOBgFg2kBwTeDqQ+YJ6jaOWxsTYyqJO510OzHTfnzAn3GFuf9xA==",
      "requires": {
        "lock": "^1.1.0"
      }
    },
    "call-bind": {
      "version": "1.0.2",
      "resolved": "https://registry.npmjs.org/call-bind/-/call-bind-1.0.2.tgz",
      "integrity": "sha512-7O+FbCihrB5WGbFYesctwmTKae6rOiIzmz1icreWJ+0aA7LJfuqhEso2T9ncpcFtzMQtzXf2QGGueWJGTYsqrA==",
      "requires": {
        "function-bind": "^1.1.1",
        "get-intrinsic": "^1.0.2"
      }
    },
    "follow-redirects": {
      "version": "1.15.2",
      "resolved": "https://registry.npmjs.org/follow-redirects/-/follow-redirects-1.15.2.tgz",
      "integrity": "sha512-VQLG33o04KaQ8uYi2tVNbdrWp1QWxNNea+nmIB4EVM28v0hmP17z7aG1+wAkNzVq4KeXTq3221ye5qTJP91JwA=="
    },
    "function-bind": {
      "version": "1.1.1",
      "resolved": "https://registry.npmjs.org/function-bind/-/function-bind-1.1.1.tgz",
      "integrity": "sha512-yIovAzMX49sF8Yl58fSCWJ5svSLuaibPxXQJFLmBObTuCr0Mf1KiPopGM9NiFjiYBCbfaa2Fh6breQ6ANVTI0A=="
    },
    "get-intrinsic": {
      "version": "1.2.0",
      "resolved": "https://registry.npmjs.org/get-intrinsic/-/get-intrinsic-1.2.0.tgz",
      "integrity": "sha512-L049y6nFOuom5wGyRc3/gdTLO94dySVKRACj1RmJZBQXlbTMhtNIgkWkUHq+jYmZvKf14EW1EoJnnjbmoHij0Q==",
      "requires": {
        "function-bind": "^1.1.1",
        "has": "^1.0.3",
        "has-symbols": "^1.0.3"
      }
    },
    "has": {
      "version": "1.0.3",
      "resolved": "https://registry.npmjs.org/has/-/has-1.0.3.tgz",
      "integrity": "sha512-f2dvO0VU6Oej7RkWJGrehjbzMAjFp5/VKPp5tTpWIV4JHHZK1/BxbFRtf/siA2SWTe09caDmVtYYzWEIbBS4zw==",
      "requires": {
        "function-bind": "^1.1.1"
      }
    },
    "has-symbols": {
      "version": "1.0.3",
      "resolved": "https://registry.npmjs.org/has-symbols/-/has-symbols-1.0.3.tgz",
      "integrity": "sha512-l3LCuF6MgDNwTDKkdYGEihYjt5pRPbEg46rtlmnSPlUbgmB8LOIrKJbYYFBSbnPaJexMKtiPO8hmeRjRz2Td+A=="
    },
    "lock": {
      "version": "1.1.0",
      "resolved": "https://registry.npmjs.org/lock/-/lock-1.1.0.tgz",
      "integrity": "sha512-NZQIJJL5Rb9lMJ0Yl1JoVr9GSdo4HTPsUEWsSFzB8dE8DSoiLCVavWZPi7Rnlv/o73u6I24S/XYc/NmG4l8EKA=="
    },
    "object-inspect": {
      "version": "1.12.3",
      "resolved": "https://registry.npmjs.org/object-inspect/-/object-inspect-1.12.3.tgz",
      "integrity": "sha512-geUvdk7c+eizMNUDkRpW1wJwgfOiOeHbxBR/hLXK1aT6zmVSO0jsQcs7fj6MGw89jC/cjGfLcNOrtMYtGqm81g=="
    },
    "qs": {
      "version": "6.11.1",
      "resolved": "https://registry.npmjs.org/qs/-/qs-6.11.1.tgz",
      "integrity": "sha512-0wsrzgTz/kAVIeuxSjnpGC56rzYtr6JT/2BwEvMaPhFIoYa1aGO8LbzuU1R0uUYQkLpWBTOj0l/CLAJB64J6nQ==",
      "requires": {
        "side-channel": "^1.0.4"
      }
    },
    "side-channel": {
      "version": "1.0.4",
      "resolved": "https://registry.npmjs.org/side-channel/-/side-channel-1.0.4.tgz",
      "integrity": "sha512-q5XPytqFEIKHkGdiMIrY10mvLRvnQh42/+GoBlFW3b2LXLE2xxJpZFdm94we0BaoV3RwJyGqg5wS7epxTv0Zvw==",
      "requires": {
        "call-bind": "^1.0.0",
        "get-intrinsic": "^1.0.2",
        "object-inspect": "^1.9.0"
      }
    }
  }
}
